version = 1
revision = 3
requires-python = "==3.10.*"

[[package]]
name = "experta"
version = "1.9.4"
source = { registry = "https://pypi.org/simple" }
dependencies = [
    { name = "frozendict" },
    { name = "schema" },
]
sdist = { url = "https://files.pythonhosted.org/packages/8b/7c/355d110bb687caa47d4205963d077abca92f2627bfefafc2115db96e7d58/experta-1.9.4.tar.gz", hash = "sha256:7c6ea687043b138f4ac7d3a8aea92aa60c02035e350c105a6bc142203fedc109", size = 26363, upload-time = "2019-11-16T22:59:33.775Z" }
wheels = [
    { url = "https://files.pythonhosted.org/packages/03/5d/c06fad9dadbec34d95f548bca648ec0de2afd6f8eb2247194150ad38ee8f/experta-1.9.4-py3-none-any.whl", hash = "sha256:c83d78d17305d9df502d6c3f14259f3b909278f3dd99f2494c0b83791ebe13c9", size = 35588, upload-time = "2019-11-16T22:59:32.332Z" },
]

[[package]]
name = "frozendict"
version = "1.2"
source = { registry = "https://pypi.org/simple" }
sdist = { url = "https://files.pythonhosted.org/packages/4e/55/a12ded2c426a4d2bee73f88304c9c08ebbdbadb82569ebdd6a0c007cfd08/frozendict-1.2.tar.gz", hash = "sha256:774179f22db2ef8a106e9c38d4d1f8503864603db08de2e33be5b778230f6e45", size = 2650, upload-time = "2016-10-06T13:55:21.627Z" }

[[package]]
name = "rosebot"
version = "0.1.0"
source = { virtual = "." }
dependencies = [
    { name = "experta" },
]

[package.metadata]
requires-dist = [{ name = "experta", specifier = ">=1.9.4" }]

[[package]]
name = "schema"
version = "0.6.7"
source = { registry = "https://pypi.org/simple" }
sdist = { url = "https://files.pythonhosted.org/packages/ad/fd/07c85c70803465df171340d88b12b7f41f5181777053a5cd8d75ce2f4b89/schema-0.6.7.tar.gz", hash = "sha256:410f44cb025384959d20deef00b4e1595397fa30959947a4f0d92e9c84616f35", size = 18746, upload-time = "2018-01-09T02:04:37.079Z" }
wheels = [
    { url = "https://files.pythonhosted.org/packages/5d/42/32c059aa876eb16521a292e634d18f25408b2441862ff823f59af273d720/schema-0.6.7-py2.py3-none-any.whl", hash = "sha256:a058daf5d926e4ece9f13c4c2366a836143ca7913ef053c5023c569e00175b2a", size = 14409, upload-time = "2018-01-09T02:04:35.576Z" },
]
